
Microsoft Visual Studio Solution File, Format Version 12.00
Project("{FAE04EC0-301F-11D3-BF4B-00C04F79EFBC}") = "MotorPool.Domain", "MotorPool.Domain\MotorPool.Domain.csproj", "{1ACABA88-792D-4F22-A8D4-2F5FFD345BD0}"
EndProject
Project("{FAE04EC0-301F-11D3-BF4B-00C04F79EFBC}") = "MotorPool.Persistence", "MotorPool.Persistence\MotorPool.Persistence.csproj", "{ED6B9032-5D4D-448A-B197-8D6B7DE06573}"
EndProject
Project("{FAE04EC0-301F-11D3-BF4B-00C04F79EFBC}") = "MotorPool.UI", "MotorPool.UI\MotorPool.UI.csproj", "{94018A1C-BB6F-49AF-9611-1CC13011C01B}"
EndProject
Project("{FAE04EC0-301F-11D3-BF4B-00C04F79EFBC}") = "MotorPool.Utils", "MotorPool.Utils\MotorPool.Utils.csproj", "{A55E10DE-2F87-4C17-B8DB-1D3A74683F2A}"
EndProject
Project("{FAE04EC0-301F-11D3-BF4B-00C04F79EFBC}") = "MotorPool.Services.Vehicle", "MotorPool.Services.Vehicle\MotorPool.Services.Vehicle.csproj", "{8AB725DD-9910-46A0-A060-E0CC160B2753}"
EndProject
Project("{FAE04EC0-301F-11D3-BF4B-00C04F79EFBC}") = "MotorPool.API", "MotorPool.API\MotorPool.API.csproj", "{D9251B5C-46E7-4662-81A2-2E4BC429424E}"
EndProject
Project("{FAE04EC0-301F-11D3-BF4B-00C04F79EFBC}") = "MotorPool.Services.VehicleBrand", "MotorPool.Services.VehicleBrand\MotorPool.Services.VehicleBrand.csproj", "{7106771C-2D2E-4941-BF15-218DCFE1B23F}"
EndProject
Project("{FAE04EC0-301F-11D3-BF4B-00C04F79EFBC}") = "MotorPool.Services.Enterprise", "MotorPool.Services.Enterprise\MotorPool.Services.Enterprise.csproj", "{610A0F1B-67EC-4717-BAD7-DB0D2D010B8A}"
EndProject
Project("{FAE04EC0-301F-11D3-BF4B-00C04F79EFBC}") = "MotorPool.Services.Driver", "MotorPool.Services.Driver\MotorPool.Services.Driver.csproj", "{F0B9E959-2D3E-4152-B679-83444DA8DE7D}"
EndProject
Project("{FAE04EC0-301F-11D3-BF4B-00C04F79EFBC}") = "MotorPool.Auth", "MotorPool.Auth\MotorPool.Auth.csproj", "{05B37CD0-1900-4EA6-AF8F-046033C42C4B}"
EndProject
Project("{FAE04EC0-301F-11D3-BF4B-00C04F79EFBC}") = "MotorPool.Abstractions", "MotorPool.Abstractions\MotorPool.Abstractions.csproj", "{E407D138-D3AE-4503-8A1D-ED781BD8D0CA}"
EndProject
Project("{FAE04EC0-301F-11D3-BF4B-00C04F79EFBC}") = "MotorPool.Services.Manager", "MotorPool.Services.Manager\MotorPool.Services.Manager.csproj", "{1FD8699F-D9D7-40AD-8645-C6A3A1295939}"
EndProject
Project("{FAE04EC0-301F-11D3-BF4B-00C04F79EFBC}") = "MotorPool.DatabaseSeeder", "MotorPool.DatabaseSeeder\MotorPool.DatabaseSeeder.csproj", "{49512614-3B36-41AB-8DC2-064166948C0E}"
EndProject
Project("{FAE04EC0-301F-11D3-BF4B-00C04F79EFBC}") = "MotorPool.Services.Utils", "MotorPool.Services.Utils\MotorPool.Services.Utils.csproj", "{E9843474-6D72-4099-B34D-F0DD1E298E9B}"
EndProject
Project("{FAE04EC0-301F-11D3-BF4B-00C04F79EFBC}") = "MotorPool.TrackGenerator", "MotorPool.TrackGenerator\MotorPool.TrackGenerator.csproj", "{4B35D5E3-181D-4139-A903-DEDB893E6FDC}"
EndProject
Global
	GlobalSection(SolutionConfigurationPlatforms) = preSolution
		Debug|Any CPU = Debug|Any CPU
		Release|Any CPU = Release|Any CPU
	EndGlobalSection
	GlobalSection(ProjectConfigurationPlatforms) = postSolution
		{1ACABA88-792D-4F22-A8D4-2F5FFD345BD0}.Debug|Any CPU.ActiveCfg = Debug|Any CPU
		{1ACABA88-792D-4F22-A8D4-2F5FFD345BD0}.Debug|Any CPU.Build.0 = Debug|Any CPU
		{1ACABA88-792D-4F22-A8D4-2F5FFD345BD0}.Release|Any CPU.ActiveCfg = Release|Any CPU
		{1ACABA88-792D-4F22-A8D4-2F5FFD345BD0}.Release|Any CPU.Build.0 = Release|Any CPU
		{ED6B9032-5D4D-448A-B197-8D6B7DE06573}.Debug|Any CPU.ActiveCfg = Debug|Any CPU
		{ED6B9032-5D4D-448A-B197-8D6B7DE06573}.Debug|Any CPU.Build.0 = Debug|Any CPU
		{ED6B9032-5D4D-448A-B197-8D6B7DE06573}.Release|Any CPU.ActiveCfg = Release|Any CPU
		{ED6B9032-5D4D-448A-B197-8D6B7DE06573}.Release|Any CPU.Build.0 = Release|Any CPU
		{94018A1C-BB6F-49AF-9611-1CC13011C01B}.Debug|Any CPU.ActiveCfg = Debug|Any CPU
		{94018A1C-BB6F-49AF-9611-1CC13011C01B}.Debug|Any CPU.Build.0 = Debug|Any CPU
		{94018A1C-BB6F-49AF-9611-1CC13011C01B}.Release|Any CPU.ActiveCfg = Release|Any CPU
		{94018A1C-BB6F-49AF-9611-1CC13011C01B}.Release|Any CPU.Build.0 = Release|Any CPU
		{A55E10DE-2F87-4C17-B8DB-1D3A74683F2A}.Debug|Any CPU.ActiveCfg = Debug|Any CPU
		{A55E10DE-2F87-4C17-B8DB-1D3A74683F2A}.Debug|Any CPU.Build.0 = Debug|Any CPU
		{A55E10DE-2F87-4C17-B8DB-1D3A74683F2A}.Release|Any CPU.ActiveCfg = Release|Any CPU
		{A55E10DE-2F87-4C17-B8DB-1D3A74683F2A}.Release|Any CPU.Build.0 = Release|Any CPU
		{8AB725DD-9910-46A0-A060-E0CC160B2753}.Debug|Any CPU.ActiveCfg = Debug|Any CPU
		{8AB725DD-9910-46A0-A060-E0CC160B2753}.Debug|Any CPU.Build.0 = Debug|Any CPU
		{8AB725DD-9910-46A0-A060-E0CC160B2753}.Release|Any CPU.ActiveCfg = Release|Any CPU
		{8AB725DD-9910-46A0-A060-E0CC160B2753}.Release|Any CPU.Build.0 = Release|Any CPU
		{D9251B5C-46E7-4662-81A2-2E4BC429424E}.Debug|Any CPU.ActiveCfg = Debug|Any CPU
		{D9251B5C-46E7-4662-81A2-2E4BC429424E}.Debug|Any CPU.Build.0 = Debug|Any CPU
		{D9251B5C-46E7-4662-81A2-2E4BC429424E}.Release|Any CPU.ActiveCfg = Release|Any CPU
		{D9251B5C-46E7-4662-81A2-2E4BC429424E}.Release|Any CPU.Build.0 = Release|Any CPU
		{7106771C-2D2E-4941-BF15-218DCFE1B23F}.Debug|Any CPU.ActiveCfg = Debug|Any CPU
		{7106771C-2D2E-4941-BF15-218DCFE1B23F}.Debug|Any CPU.Build.0 = Debug|Any CPU
		{7106771C-2D2E-4941-BF15-218DCFE1B23F}.Release|Any CPU.ActiveCfg = Release|Any CPU
		{7106771C-2D2E-4941-BF15-218DCFE1B23F}.Release|Any CPU.Build.0 = Release|Any CPU
		{610A0F1B-67EC-4717-BAD7-DB0D2D010B8A}.Debug|Any CPU.ActiveCfg = Debug|Any CPU
		{610A0F1B-67EC-4717-BAD7-DB0D2D010B8A}.Debug|Any CPU.Build.0 = Debug|Any CPU
		{610A0F1B-67EC-4717-BAD7-DB0D2D010B8A}.Release|Any CPU.ActiveCfg = Release|Any CPU
		{610A0F1B-67EC-4717-BAD7-DB0D2D010B8A}.Release|Any CPU.Build.0 = Release|Any CPU
		{F0B9E959-2D3E-4152-B679-83444DA8DE7D}.Debug|Any CPU.ActiveCfg = Debug|Any CPU
		{F0B9E959-2D3E-4152-B679-83444DA8DE7D}.Debug|Any CPU.Build.0 = Debug|Any CPU
		{F0B9E959-2D3E-4152-B679-83444DA8DE7D}.Release|Any CPU.ActiveCfg = Release|Any CPU
		{F0B9E959-2D3E-4152-B679-83444DA8DE7D}.Release|Any CPU.Build.0 = Release|Any CPU
		{05B37CD0-1900-4EA6-AF8F-046033C42C4B}.Debug|Any CPU.ActiveCfg = Debug|Any CPU
		{05B37CD0-1900-4EA6-AF8F-046033C42C4B}.Debug|Any CPU.Build.0 = Debug|Any CPU
		{05B37CD0-1900-4EA6-AF8F-046033C42C4B}.Release|Any CPU.ActiveCfg = Release|Any CPU
		{05B37CD0-1900-4EA6-AF8F-046033C42C4B}.Release|Any CPU.Build.0 = Release|Any CPU
		{E407D138-D3AE-4503-8A1D-ED781BD8D0CA}.Debug|Any CPU.ActiveCfg = Debug|Any CPU
		{E407D138-D3AE-4503-8A1D-ED781BD8D0CA}.Debug|Any CPU.Build.0 = Debug|Any CPU
		{E407D138-D3AE-4503-8A1D-ED781BD8D0CA}.Release|Any CPU.ActiveCfg = Release|Any CPU
		{E407D138-D3AE-4503-8A1D-ED781BD8D0CA}.Release|Any CPU.Build.0 = Release|Any CPU
		{1FD8699F-D9D7-40AD-8645-C6A3A1295939}.Debug|Any CPU.ActiveCfg = Debug|Any CPU
		{1FD8699F-D9D7-40AD-8645-C6A3A1295939}.Debug|Any CPU.Build.0 = Debug|Any CPU
		{1FD8699F-D9D7-40AD-8645-C6A3A1295939}.Release|Any CPU.ActiveCfg = Release|Any CPU
		{1FD8699F-D9D7-40AD-8645-C6A3A1295939}.Release|Any CPU.Build.0 = Release|Any CPU
		{49512614-3B36-41AB-8DC2-064166948C0E}.Debug|Any CPU.ActiveCfg = Debug|Any CPU
		{49512614-3B36-41AB-8DC2-064166948C0E}.Debug|Any CPU.Build.0 = Debug|Any CPU
		{49512614-3B36-41AB-8DC2-064166948C0E}.Release|Any CPU.ActiveCfg = Release|Any CPU
		{49512614-3B36-41AB-8DC2-064166948C0E}.Release|Any CPU.Build.0 = Release|Any CPU
		{E9843474-6D72-4099-B34D-F0DD1E298E9B}.Debug|Any CPU.ActiveCfg = Debug|Any CPU
		{E9843474-6D72-4099-B34D-F0DD1E298E9B}.Debug|Any CPU.Build.0 = Debug|Any CPU
		{E9843474-6D72-4099-B34D-F0DD1E298E9B}.Release|Any CPU.ActiveCfg = Release|Any CPU
		{E9843474-6D72-4099-B34D-F0DD1E298E9B}.Release|Any CPU.Build.0 = Release|Any CPU
		{4B35D5E3-181D-4139-A903-DEDB893E6FDC}.Debug|Any CPU.ActiveCfg = Debug|Any CPU
		{4B35D5E3-181D-4139-A903-DEDB893E6FDC}.Debug|Any CPU.Build.0 = Debug|Any CPU
		{4B35D5E3-181D-4139-A903-DEDB893E6FDC}.Release|Any CPU.ActiveCfg = Release|Any CPU
		{4B35D5E3-181D-4139-A903-DEDB893E6FDC}.Release|Any CPU.Build.0 = Release|Any CPU
	EndGlobalSection
EndGlobal
