
Microsoft Visual Studio Solution File, Format Version 12.00
Project("{FAE04EC0-301F-11D3-BF4B-00C04F79EFBC}") = "MotorPool.Domain", "src\MotorPool.Domain\MotorPool.Domain.csproj", "{1ACABA88-792D-4F22-A8D4-2F5FFD345BD0}"
EndProject
Project("{FAE04EC0-301F-11D3-BF4B-00C04F79EFBC}") = "MotorPool.Persistence", "src\MotorPool.Persistence\MotorPool.Persistence.csproj", "{ED6B9032-5D4D-448A-B197-8D6B7DE06573}"
EndProject
Project("{FAE04EC0-301F-11D3-BF4B-00C04F79EFBC}") = "MotorPool.UI", "src\MotorPool.UI\MotorPool.UI.csproj", "{94018A1C-BB6F-49AF-9611-1CC13011C01B}"
EndProject
Project("{FAE04EC0-301F-11D3-BF4B-00C04F79EFBC}") = "MotorPool.Utils", "src\MotorPool.Utils\MotorPool.Utils.csproj", "{A55E10DE-2F87-4C17-B8DB-1D3A74683F2A}"
EndProject
Project("{FAE04EC0-301F-11D3-BF4B-00C04F79EFBC}") = "MotorPool.Services.Vehicle", "src\MotorPool.Services.Vehicle\MotorPool.Services.Vehicle.csproj", "{8AB725DD-9910-46A0-A060-E0CC160B2753}"
EndProject
Project("{FAE04EC0-301F-11D3-BF4B-00C04F79EFBC}") = "MotorPool.API", "src\MotorPool.API\MotorPool.API.csproj", "{D9251B5C-46E7-4662-81A2-2E4BC429424E}"
EndProject
Project("{FAE04EC0-301F-11D3-BF4B-00C04F79EFBC}") = "MotorPool.Services.VehicleBrand", "src\MotorPool.Services.VehicleBrand\MotorPool.Services.VehicleBrand.csproj", "{7106771C-2D2E-4941-BF15-218DCFE1B23F}"
EndProject
Project("{FAE04EC0-301F-11D3-BF4B-00C04F79EFBC}") = "MotorPool.Services.Enterprise", "src\MotorPool.Services.Enterprise\MotorPool.Services.Enterprise.csproj", "{610A0F1B-67EC-4717-BAD7-DB0D2D010B8A}"
EndProject
Project("{FAE04EC0-301F-11D3-BF4B-00C04F79EFBC}") = "MotorPool.Services.Driver", "src\MotorPool.Services.Driver\MotorPool.Services.Driver.csproj", "{F0B9E959-2D3E-4152-B679-83444DA8DE7D}"
EndProject
Project("{FAE04EC0-301F-11D3-BF4B-00C04F79EFBC}") = "MotorPool.Auth", "src\MotorPool.Auth\MotorPool.Auth.csproj", "{05B37CD0-1900-4EA6-AF8F-046033C42C4B}"
EndProject
Project("{FAE04EC0-301F-11D3-BF4B-00C04F79EFBC}") = "MotorPool.Services.Manager", "src\MotorPool.Services.Manager\MotorPool.Services.Manager.csproj", "{1FD8699F-D9D7-40AD-8645-C6A3A1295939}"
EndProject
Project("{FAE04EC0-301F-11D3-BF4B-00C04F79EFBC}") = "MotorPool.DatabaseSeeder", "src\MotorPool.DatabaseSeeder\MotorPool.DatabaseSeeder.csproj", "{49512614-3B36-41AB-8DC2-064166948C0E}"
EndProject
Project("{FAE04EC0-301F-11D3-BF4B-00C04F79EFBC}") = "MotorPool.Services.Geo", "src\MotorPool.Services.Geo\MotorPool.Services.Geo.csproj", "{3C94B63D-A5EF-4CD8-BD4C-A9ABFF09A767}"
EndProject
Project("{FAE04EC0-301F-11D3-BF4B-00C04F79EFBC}") = "MotorPool.TrackGenerator", "src\MotorPool.TrackGenerator\MotorPool.TrackGenerator.csproj", "{3C94B63D-A5EF-4CD8-BD4C-A9ABFF09A757}"
EndProject
Project("{FAE04EC0-301F-11D3-BF4B-00C04F79EFBC}") = "MotorPool.Services.Reporting", "src\MotorPool.Services.Reporting\MotorPool.Services.Reporting.csproj", "{9354B71B-9B3F-42F8-8CDD-AD600AA01EF6}"
EndProject
Project("{2150E333-8FDC-42A3-9474-1A3956D46DE8}") = "Utility", "Utility", "{D6BF8C22-9FDD-4E9F-885C-A92D856B16B9}"
EndProject
Project("{2150E333-8FDC-42A3-9474-1A3956D46DE8}") = "Data", "Data", "{6EA3E5F8-E496-49FB-8C7F-4A9C344EA9BA}"
EndProject
Project("{2150E333-8FDC-42A3-9474-1A3956D46DE8}") = "Domain", "Domain", "{5ACE078E-4737-43C9-BC6A-7BBEA45278F2}"
EndProject
Project("{2150E333-8FDC-42A3-9474-1A3956D46DE8}") = "Application", "Application", "{670512BA-C27A-415E-B02A-6F00028491E3}"
EndProject
Project("{FAE04EC0-301F-11D3-BF4B-00C04F79EFBC}") = "MotorPool.Repository", "MotorPool.Repository\MotorPool.Repository.csproj", "{071EFE03-9551-483F-9CBF-C390BFBB799C}"
EndProject
Global
	GlobalSection(SolutionConfigurationPlatforms) = preSolution
		Debug|Any CPU = Debug|Any CPU
		Release|Any CPU = Release|Any CPU
	EndGlobalSection
	GlobalSection(ProjectConfigurationPlatforms) = postSolution
		{1ACABA88-792D-4F22-A8D4-2F5FFD345BD0}.Debug|Any CPU.ActiveCfg = Debug|Any CPU
		{1ACABA88-792D-4F22-A8D4-2F5FFD345BD0}.Debug|Any CPU.Build.0 = Debug|Any CPU
		{1ACABA88-792D-4F22-A8D4-2F5FFD345BD0}.Release|Any CPU.ActiveCfg = Release|Any CPU
		{1ACABA88-792D-4F22-A8D4-2F5FFD345BD0}.Release|Any CPU.Build.0 = Release|Any CPU
		{ED6B9032-5D4D-448A-B197-8D6B7DE06573}.Debug|Any CPU.ActiveCfg = Debug|Any CPU
		{ED6B9032-5D4D-448A-B197-8D6B7DE06573}.Debug|Any CPU.Build.0 = Debug|Any CPU
		{ED6B9032-5D4D-448A-B197-8D6B7DE06573}.Release|Any CPU.ActiveCfg = Release|Any CPU
		{ED6B9032-5D4D-448A-B197-8D6B7DE06573}.Release|Any CPU.Build.0 = Release|Any CPU
		{94018A1C-BB6F-49AF-9611-1CC13011C01B}.Debug|Any CPU.ActiveCfg = Debug|Any CPU
		{94018A1C-BB6F-49AF-9611-1CC13011C01B}.Debug|Any CPU.Build.0 = Debug|Any CPU
		{94018A1C-BB6F-49AF-9611-1CC13011C01B}.Release|Any CPU.ActiveCfg = Release|Any CPU
		{94018A1C-BB6F-49AF-9611-1CC13011C01B}.Release|Any CPU.Build.0 = Release|Any CPU
		{A55E10DE-2F87-4C17-B8DB-1D3A74683F2A}.Debug|Any CPU.ActiveCfg = Debug|Any CPU
		{A55E10DE-2F87-4C17-B8DB-1D3A74683F2A}.Debug|Any CPU.Build.0 = Debug|Any CPU
		{A55E10DE-2F87-4C17-B8DB-1D3A74683F2A}.Release|Any CPU.ActiveCfg = Release|Any CPU
		{A55E10DE-2F87-4C17-B8DB-1D3A74683F2A}.Release|Any CPU.Build.0 = Release|Any CPU
		{8AB725DD-9910-46A0-A060-E0CC160B2753}.Debug|Any CPU.ActiveCfg = Debug|Any CPU
		{8AB725DD-9910-46A0-A060-E0CC160B2753}.Debug|Any CPU.Build.0 = Debug|Any CPU
		{8AB725DD-9910-46A0-A060-E0CC160B2753}.Release|Any CPU.ActiveCfg = Release|Any CPU
		{8AB725DD-9910-46A0-A060-E0CC160B2753}.Release|Any CPU.Build.0 = Release|Any CPU
		{D9251B5C-46E7-4662-81A2-2E4BC429424E}.Debug|Any CPU.ActiveCfg = Debug|Any CPU
		{D9251B5C-46E7-4662-81A2-2E4BC429424E}.Debug|Any CPU.Build.0 = Debug|Any CPU
		{D9251B5C-46E7-4662-81A2-2E4BC429424E}.Release|Any CPU.ActiveCfg = Release|Any CPU
		{D9251B5C-46E7-4662-81A2-2E4BC429424E}.Release|Any CPU.Build.0 = Release|Any CPU
		{7106771C-2D2E-4941-BF15-218DCFE1B23F}.Debug|Any CPU.ActiveCfg = Debug|Any CPU
		{7106771C-2D2E-4941-BF15-218DCFE1B23F}.Debug|Any CPU.Build.0 = Debug|Any CPU
		{7106771C-2D2E-4941-BF15-218DCFE1B23F}.Release|Any CPU.ActiveCfg = Release|Any CPU
		{7106771C-2D2E-4941-BF15-218DCFE1B23F}.Release|Any CPU.Build.0 = Release|Any CPU
		{610A0F1B-67EC-4717-BAD7-DB0D2D010B8A}.Debug|Any CPU.ActiveCfg = Debug|Any CPU
		{610A0F1B-67EC-4717-BAD7-DB0D2D010B8A}.Debug|Any CPU.Build.0 = Debug|Any CPU
		{610A0F1B-67EC-4717-BAD7-DB0D2D010B8A}.Release|Any CPU.ActiveCfg = Release|Any CPU
		{610A0F1B-67EC-4717-BAD7-DB0D2D010B8A}.Release|Any CPU.Build.0 = Release|Any CPU
		{F0B9E959-2D3E-4152-B679-83444DA8DE7D}.Debug|Any CPU.ActiveCfg = Debug|Any CPU
		{F0B9E959-2D3E-4152-B679-83444DA8DE7D}.Debug|Any CPU.Build.0 = Debug|Any CPU
		{F0B9E959-2D3E-4152-B679-83444DA8DE7D}.Release|Any CPU.ActiveCfg = Release|Any CPU
		{F0B9E959-2D3E-4152-B679-83444DA8DE7D}.Release|Any CPU.Build.0 = Release|Any CPU
		{05B37CD0-1900-4EA6-AF8F-046033C42C4B}.Debug|Any CPU.ActiveCfg = Debug|Any CPU
		{05B37CD0-1900-4EA6-AF8F-046033C42C4B}.Debug|Any CPU.Build.0 = Debug|Any CPU
		{05B37CD0-1900-4EA6-AF8F-046033C42C4B}.Release|Any CPU.ActiveCfg = Release|Any CPU
		{05B37CD0-1900-4EA6-AF8F-046033C42C4B}.Release|Any CPU.Build.0 = Release|Any CPU
		{1FD8699F-D9D7-40AD-8645-C6A3A1295939}.Debug|Any CPU.ActiveCfg = Debug|Any CPU
		{1FD8699F-D9D7-40AD-8645-C6A3A1295939}.Debug|Any CPU.Build.0 = Debug|Any CPU
		{1FD8699F-D9D7-40AD-8645-C6A3A1295939}.Release|Any CPU.ActiveCfg = Release|Any CPU
		{1FD8699F-D9D7-40AD-8645-C6A3A1295939}.Release|Any CPU.Build.0 = Release|Any CPU
		{49512614-3B36-41AB-8DC2-064166948C0E}.Debug|Any CPU.ActiveCfg = Debug|Any CPU
		{49512614-3B36-41AB-8DC2-064166948C0E}.Debug|Any CPU.Build.0 = Debug|Any CPU
		{49512614-3B36-41AB-8DC2-064166948C0E}.Release|Any CPU.ActiveCfg = Release|Any CPU
		{49512614-3B36-41AB-8DC2-064166948C0E}.Release|Any CPU.Build.0 = Release|Any CPU
		{3C94B63D-A5EF-4CD8-BD4C-A9ABFF09A767}.Debug|Any CPU.ActiveCfg = Debug|Any CPU
		{3C94B63D-A5EF-4CD8-BD4C-A9ABFF09A767}.Debug|Any CPU.Build.0 = Debug|Any CPU
		{3C94B63D-A5EF-4CD8-BD4C-A9ABFF09A767}.Release|Any CPU.ActiveCfg = Release|Any CPU
		{3C94B63D-A5EF-4CD8-BD4C-A9ABFF09A767}.Release|Any CPU.Build.0 = Release|Any CPU
		{3C94B63D-A5EF-4CD8-BD4C-A9ABFF09A757}.Debug|Any CPU.ActiveCfg = Debug|Any CPU
		{3C94B63D-A5EF-4CD8-BD4C-A9ABFF09A757}.Debug|Any CPU.Build.0 = Debug|Any CPU
		{9354B71B-9B3F-42F8-8CDD-AD600AA01EF6}.Debug|Any CPU.ActiveCfg = Debug|Any CPU
		{9354B71B-9B3F-42F8-8CDD-AD600AA01EF6}.Debug|Any CPU.Build.0 = Debug|Any CPU
		{9354B71B-9B3F-42F8-8CDD-AD600AA01EF6}.Release|Any CPU.ActiveCfg = Release|Any CPU
		{9354B71B-9B3F-42F8-8CDD-AD600AA01EF6}.Release|Any CPU.Build.0 = Release|Any CPU
		{071EFE03-9551-483F-9CBF-C390BFBB799C}.Debug|Any CPU.ActiveCfg = Debug|Any CPU
		{071EFE03-9551-483F-9CBF-C390BFBB799C}.Debug|Any CPU.Build.0 = Debug|Any CPU
		{071EFE03-9551-483F-9CBF-C390BFBB799C}.Release|Any CPU.ActiveCfg = Release|Any CPU
		{071EFE03-9551-483F-9CBF-C390BFBB799C}.Release|Any CPU.Build.0 = Release|Any CPU
	EndGlobalSection
	GlobalSection(NestedProjects) = preSolution
		{3C94B63D-A5EF-4CD8-BD4C-A9ABFF09A757} = {D6BF8C22-9FDD-4E9F-885C-A92D856B16B9}
		{49512614-3B36-41AB-8DC2-064166948C0E} = {D6BF8C22-9FDD-4E9F-885C-A92D856B16B9}
		{A55E10DE-2F87-4C17-B8DB-1D3A74683F2A} = {D6BF8C22-9FDD-4E9F-885C-A92D856B16B9}
		{ED6B9032-5D4D-448A-B197-8D6B7DE06573} = {6EA3E5F8-E496-49FB-8C7F-4A9C344EA9BA}
		{7106771C-2D2E-4941-BF15-218DCFE1B23F} = {5ACE078E-4737-43C9-BC6A-7BBEA45278F2}
		{8AB725DD-9910-46A0-A060-E0CC160B2753} = {5ACE078E-4737-43C9-BC6A-7BBEA45278F2}
		{9354B71B-9B3F-42F8-8CDD-AD600AA01EF6} = {5ACE078E-4737-43C9-BC6A-7BBEA45278F2}
		{1FD8699F-D9D7-40AD-8645-C6A3A1295939} = {5ACE078E-4737-43C9-BC6A-7BBEA45278F2}
		{3C94B63D-A5EF-4CD8-BD4C-A9ABFF09A767} = {5ACE078E-4737-43C9-BC6A-7BBEA45278F2}
		{610A0F1B-67EC-4717-BAD7-DB0D2D010B8A} = {5ACE078E-4737-43C9-BC6A-7BBEA45278F2}
		{F0B9E959-2D3E-4152-B679-83444DA8DE7D} = {5ACE078E-4737-43C9-BC6A-7BBEA45278F2}
		{1ACABA88-792D-4F22-A8D4-2F5FFD345BD0} = {5ACE078E-4737-43C9-BC6A-7BBEA45278F2}
		{94018A1C-BB6F-49AF-9611-1CC13011C01B} = {670512BA-C27A-415E-B02A-6F00028491E3}
		{05B37CD0-1900-4EA6-AF8F-046033C42C4B} = {670512BA-C27A-415E-B02A-6F00028491E3}
		{D9251B5C-46E7-4662-81A2-2E4BC429424E} = {670512BA-C27A-415E-B02A-6F00028491E3}
		{071EFE03-9551-483F-9CBF-C390BFBB799C} = {6EA3E5F8-E496-49FB-8C7F-4A9C344EA9BA}
	EndGlobalSection
EndGlobal
